
Microsoft Visual Studio Solution File, Format Version 12.00
# Visual Studio 15
VisualStudioVersion = 15.0.27004.2008
MinimumVisualStudioVersion = 10.0.40219.1
Project("{FAE04EC0-301F-11D3-BF4B-00C04F79EFBC}") = "Elastic_API", "WebApplication1\Elastic_API.csproj", "{9FF7AC9D-DAF5-4668-BF86-A8056017CEDD}"
EndProject
Global
	GlobalSection(SolutionConfigurationPlatforms) = preSolution
		Debug|Any CPU = Debug|Any CPU
		Release|Any CPU = Release|Any CPU
	EndGlobalSection
	GlobalSection(ProjectConfigurationPlatforms) = postSolution
		{9FF7AC9D-DAF5-4668-BF86-A8056017CEDD}.Debug|Any CPU.ActiveCfg = Debug|Any CPU
		{9FF7AC9D-DAF5-4668-BF86-A8056017CEDD}.Debug|Any CPU.Build.0 = Debug|Any CPU
		{9FF7AC9D-DAF5-4668-BF86-A8056017CEDD}.Release|Any CPU.ActiveCfg = Release|Any CPU
		{9FF7AC9D-DAF5-4668-BF86-A8056017CEDD}.Release|Any CPU.Build.0 = Release|Any CPU
	EndGlobalSection
	GlobalSection(SolutionProperties) = preSolution
		HideSolutionNode = FALSE
	EndGlobalSection
	GlobalSection(ExtensibilityGlobals) = postSolution
		SolutionGuid = {2E8246CB-39CA-45F4-95CF-5B46B6954A44}
	EndGlobalSection
EndGlobal
